
Microsoft Visual Studio Solution File, Format Version 12.00
# Visual Studio 14
VisualStudioVersion = 14.0.25420.1
MinimumVisualStudioVersion = 10.0.40219.1
Project("{FAE04EC0-301F-11D3-BF4B-00C04F79EFBC}") = "TestProject", "TestProject\TestProject.csproj", "{DA4944F1-49F5-4568-A837-46ACB281FE45}"
EndProject
Project("{FAE04EC0-301F-11D3-BF4B-00C04F79EFBC}") = "Dlls", "Dlls\Dlls.csproj", "{6064145B-D12F-497F-B48A-16096C4E889F}"
EndProject
Global
	GlobalSection(SolutionConfigurationPlatforms) = preSolution
		Debug|Any CPU = Debug|Any CPU
		Dev|Any CPU = Dev|Any CPU
		Release|Any CPU = Release|Any CPU
	EndGlobalSection
	GlobalSection(ProjectConfigurationPlatforms) = postSolution
		{DA4944F1-49F5-4568-A837-46ACB281FE45}.Debug|Any CPU.ActiveCfg = Debug|Any CPU
		{DA4944F1-49F5-4568-A837-46ACB281FE45}.Debug|Any CPU.Build.0 = Debug|Any CPU
		{DA4944F1-49F5-4568-A837-46ACB281FE45}.Dev|Any CPU.ActiveCfg = Debug|Any CPU
		{DA4944F1-49F5-4568-A837-46ACB281FE45}.Dev|Any CPU.Build.0 = Debug|Any CPU
		{DA4944F1-49F5-4568-A837-46ACB281FE45}.Release|Any CPU.ActiveCfg = Release|Any CPU
		{DA4944F1-49F5-4568-A837-46ACB281FE45}.Release|Any CPU.Build.0 = Release|Any CPU
		{6064145B-D12F-497F-B48A-16096C4E889F}.Debug|Any CPU.ActiveCfg = Debug|Any CPU
		{6064145B-D12F-497F-B48A-16096C4E889F}.Debug|Any CPU.Build.0 = Debug|Any CPU
		{6064145B-D12F-497F-B48A-16096C4E889F}.Dev|Any CPU.ActiveCfg = Debug|Any CPU
		{6064145B-D12F-497F-B48A-16096C4E889F}.Dev|Any CPU.Build.0 = Debug|Any CPU
		{6064145B-D12F-497F-B48A-16096C4E889F}.Release|Any CPU.ActiveCfg = Release|Any CPU
		{6064145B-D12F-497F-B48A-16096C4E889F}.Release|Any CPU.Build.0 = Release|Any CPU
	EndGlobalSection
	GlobalSection(SolutionProperties) = preSolution
		HideSolutionNode = FALSE
	EndGlobalSection
EndGlobal
